// !$*UTF8*$!
{
	archiveVersion = 1;
	classes = {
	};
	objectVersion = 46;
	objects = {

/* Begin PBXBuildFile section */
		7023E44E1D11F746008D7D64 /* AppDelegate.swift in Sources */ = {isa = PBXBuildFile; fileRef = 7023E44D1D11F746008D7D64 /* AppDelegate.swift */; };
		7023E4531D11F746008D7D64 /* Main.storyboard in Resources */ = {isa = PBXBuildFile; fileRef = 7023E4511D11F746008D7D64 /* Main.storyboard */; };
		7023E4551D11F746008D7D64 /* Assets.xcassets in Resources */ = {isa = PBXBuildFile; fileRef = 7023E4541D11F746008D7D64 /* Assets.xcassets */; };
		7023E4581D11F746008D7D64 /* LaunchScreen.storyboard in Resources */ = {isa = PBXBuildFile; fileRef = 7023E4561D11F746008D7D64 /* LaunchScreen.storyboard */; };
		7023E4601D11F945008D7D64 /* MoviesViewController.swift in Sources */ = {isa = PBXBuildFile; fileRef = 7023E45F1D11F945008D7D64 /* MoviesViewController.swift */; };
		7023E4631D120B85008D7D64 /* MovieCell.swift in Sources */ = {isa = PBXBuildFile; fileRef = 7023E4621D120B85008D7D64 /* MovieCell.swift */; };
		9B8DB2003D6751A20848D8DE /* Pods_Flix.framework in Frameworks */ = {isa = PBXBuildFile; fileRef = DAB8A653C9E12A41526C5F68 /* Pods_Flix.framework */; };
/* End PBXBuildFile section */

/* Begin PBXFileReference section */
		7023E44A1D11F746008D7D64 /* Flix.app */ = {isa = PBXFileReference; explicitFileType = wrapper.application; includeInIndex = 0; path = Flix.app; sourceTree = BUILT_PRODUCTS_DIR; };
		7023E44D1D11F746008D7D64 /* AppDelegate.swift */ = {isa = PBXFileReference; lastKnownFileType = sourcecode.swift; path = AppDelegate.swift; sourceTree = "<group>"; };
		7023E4521D11F746008D7D64 /* Base */ = {isa = PBXFileReference; lastKnownFileType = file.storyboard; name = Base; path = Base.lproj/Main.storyboard; sourceTree = "<group>"; };
		7023E4541D11F746008D7D64 /* Assets.xcassets */ = {isa = PBXFileReference; lastKnownFileType = folder.assetcatalog; path = Assets.xcassets; sourceTree = "<group>"; };
		7023E4571D11F746008D7D64 /* Base */ = {isa = PBXFileReference; lastKnownFileType = file.storyboard; name = Base; path = Base.lproj/LaunchScreen.storyboard; sourceTree = "<group>"; };
		7023E4591D11F746008D7D64 /* Info.plist */ = {isa = PBXFileReference; lastKnownFileType = text.plist.xml; path = Info.plist; sourceTree = "<group>"; };
		7023E45F1D11F945008D7D64 /* MoviesViewController.swift */ = {isa = PBXFileReference; fileEncoding = 4; lastKnownFileType = sourcecode.swift; path = MoviesViewController.swift; sourceTree = "<group>"; };
		7023E4621D120B85008D7D64 /* MovieCell.swift */ = {isa = PBXFileReference; fileEncoding = 4; lastKnownFileType = sourcecode.swift; path = MovieCell.swift; sourceTree = "<group>"; };
		86BD8A47B9241A7E31B7D682 /* Pods-Flix.debug.xcconfig */ = {isa = PBXFileReference; includeInIndex = 1; lastKnownFileType = text.xcconfig; name = "Pods-Flix.debug.xcconfig"; path = "Pods/Target Support Files/Pods-Flix/Pods-Flix.debug.xcconfig"; sourceTree = "<group>"; };
		B4C0062D0CD2FC598DAAD06B /* Pods-Flix.release.xcconfig */ = {isa = PBXFileReference; includeInIndex = 1; lastKnownFileType = text.xcconfig; name = "Pods-Flix.release.xcconfig"; path = "Pods/Target Support Files/Pods-Flix/Pods-Flix.release.xcconfig"; sourceTree = "<group>"; };
		DAB8A653C9E12A41526C5F68 /* Pods_Flix.framework */ = {isa = PBXFileReference; explicitFileType = wrapper.framework; includeInIndex = 0; path = Pods_Flix.framework; sourceTree = BUILT_PRODUCTS_DIR; };
/* End PBXFileReference section */

/* Begin PBXFrameworksBuildPhase section */
		7023E4471D11F746008D7D64 /* Frameworks */ = {
			isa = PBXFrameworksBuildPhase;
			buildActionMask = 2147483647;
			files = (
				9B8DB2003D6751A20848D8DE /* Pods_Flix.framework in Frameworks */,
			);
			runOnlyForDeploymentPostprocessing = 0;
		};
/* End PBXFrameworksBuildPhase section */

/* Begin PBXGroup section */
		074789A521ECBE138788DC89 /* Pods */ = {
			isa = PBXGroup;
			children = (
				86BD8A47B9241A7E31B7D682 /* Pods-Flix.debug.xcconfig */,
				B4C0062D0CD2FC598DAAD06B /* Pods-Flix.release.xcconfig */,
			);
			name = Pods;
			sourceTree = "<group>";
		};
		7023E4411D11F746008D7D64 = {
			isa = PBXGroup;
			children = (
				7023E44C1D11F746008D7D64 /* Flix */,
				7023E44B1D11F746008D7D64 /* Products */,
				074789A521ECBE138788DC89 /* Pods */,
				835603F950DF8F3ACBAA5096 /* Frameworks */,
			);
			sourceTree = "<group>";
		};
		7023E44B1D11F746008D7D64 /* Products */ = {
			isa = PBXGroup;
			children = (
				7023E44A1D11F746008D7D64 /* Flix.app */,
			);
			name = Products;
			sourceTree = "<group>";
		};
		7023E44C1D11F746008D7D64 /* Flix */ = {
			isa = PBXGroup;
			children = (
				7023E4641D120B8F008D7D64 /* View Controllers */,
				7023E4611D120B2B008D7D64 /* Views */,
				7023E44D1D11F746008D7D64 /* AppDelegate.swift */,
				7023E4511D11F746008D7D64 /* Main.storyboard */,
				7023E4541D11F746008D7D64 /* Assets.xcassets */,
				7023E4561D11F746008D7D64 /* LaunchScreen.storyboard */,
				7023E4591D11F746008D7D64 /* Info.plist */,
			);
			path = Flix;
			sourceTree = "<group>";
		};
		7023E4611D120B2B008D7D64 /* Views */ = {
			isa = PBXGroup;
			children = (
				7023E4621D120B85008D7D64 /* MovieCell.swift */,
			);
			name = Views;
			sourceTree = "<group>";
		};
		7023E4641D120B8F008D7D64 /* View Controllers */ = {
			isa = PBXGroup;
			children = (
				7023E45F1D11F945008D7D64 /* MoviesViewController.swift */,
			);
			name = "View Controllers";
			sourceTree = "<group>";
		};
		835603F950DF8F3ACBAA5096 /* Frameworks */ = {
			isa = PBXGroup;
			children = (
				DAB8A653C9E12A41526C5F68 /* Pods_Flix.framework */,
			);
			name = Frameworks;
			sourceTree = "<group>";
		};
/* End PBXGroup section */

/* Begin PBXNativeTarget section */
		7023E4491D11F746008D7D64 /* Flix */ = {
			isa = PBXNativeTarget;
			buildConfigurationList = 7023E45C1D11F746008D7D64 /* Build configuration list for PBXNativeTarget "Flix" */;
			buildPhases = (
				F86F636DAF741A3E73BC0FF6 /* [CP] Check Pods Manifest.lock */,
				7023E4461D11F746008D7D64 /* Sources */,
				7023E4471D11F746008D7D64 /* Frameworks */,
				7023E4481D11F746008D7D64 /* Resources */,
				0523CECD636C10763829539A /* [CP] Embed Pods Frameworks */,
				89FAE724244ED8F2867C9AEE /* [CP] Copy Pods Resources */,
			);
			buildRules = (
			);
			dependencies = (
			);
			name = Flix;
			productName = Flix;
			productReference = 7023E44A1D11F746008D7D64 /* Flix.app */;
			productType = "com.apple.product-type.application";
		};
/* End PBXNativeTarget section */

/* Begin PBXProject section */
		7023E4421D11F746008D7D64 /* Project object */ = {
			isa = PBXProject;
			attributes = {
				LastSwiftUpdateCheck = 0730;
				LastUpgradeCheck = 0730;
				ORGANIZATIONNAME = "Rohan Y. Shah";
				TargetAttributes = {
					7023E4491D11F746008D7D64 = {
						CreatedOnToolsVersion = 7.3.1;
						DevelopmentTeam = UL2RZPJ9R3;
					};
				};
			};
			buildConfigurationList = 7023E4451D11F746008D7D64 /* Build configuration list for PBXProject "Flix" */;
			compatibilityVersion = "Xcode 3.2";
			developmentRegion = English;
			hasScannedForEncodings = 0;
			knownRegions = (
				en,
				Base,
			);
			mainGroup = 7023E4411D11F746008D7D64;
			productRefGroup = 7023E44B1D11F746008D7D64 /* Products */;
			projectDirPath = "";
			projectRoot = "";
			targets = (
				7023E4491D11F746008D7D64 /* Flix */,
			);
		};
/* End PBXProject section */

/* Begin PBXResourcesBuildPhase section */
		7023E4481D11F746008D7D64 /* Resources */ = {
			isa = PBXResourcesBuildPhase;
			buildActionMask = 2147483647;
			files = (
				7023E4581D11F746008D7D64 /* LaunchScreen.storyboard in Resources */,
				7023E4551D11F746008D7D64 /* Assets.xcassets in Resources */,
				7023E4531D11F746008D7D64 /* Main.storyboard in Resources */,
			);
			runOnlyForDeploymentPostprocessing = 0;
		};
/* End PBXResourcesBuildPhase section */

/* Begin PBXShellScriptBuildPhase section */
		0523CECD636C10763829539A /* [CP] Embed Pods Frameworks */ = {
			isa = PBXShellScriptBuildPhase;
			buildActionMask = 2147483647;
			files = (
			);
			inputPaths = (
			);
			name = "[CP] Embed Pods Frameworks";
			outputPaths = (
			);
			runOnlyForDeploymentPostprocessing = 0;
			shellPath = /bin/sh;
			shellScript = "\"${SRCROOT}/Pods/Target Support Files/Pods-Flix/Pods-Flix-frameworks.sh\"\n";
			showEnvVarsInLog = 0;
		};
		89FAE724244ED8F2867C9AEE /* [CP] Copy Pods Resources */ = {
			isa = PBXShellScriptBuildPhase;
			buildActionMask = 2147483647;
			files = (
			);
			inputPaths = (
			);
			name = "[CP] Copy Pods Resources";
			outputPaths = (
			);
			runOnlyForDeploymentPostprocessing = 0;
			shellPath = /bin/sh;
			shellScript = "\"${SRCROOT}/Pods/Target Support Files/Pods-Flix/Pods-Flix-resources.sh\"\n";
			showEnvVarsInLog = 0;
		};
		F86F636DAF741A3E73BC0FF6 /* [CP] Check Pods Manifest.lock */ = {
			isa = PBXShellScriptBuildPhase;
			buildActionMask = 2147483647;
			files = (
			);
			inputPaths = (
			);
			name = "[CP] Check Pods Manifest.lock";
			outputPaths = (
			);
			runOnlyForDeploymentPostprocessing = 0;
			shellPath = /bin/sh;
			shellScript = "diff \"${PODS_ROOT}/../Podfile.lock\" \"${PODS_ROOT}/Manifest.lock\" > /dev/null\nif [[ $? != 0 ]] ; then\n    cat << EOM\nerror: The sandbox is not in sync with the Podfile.lock. Run 'pod install' or update your CocoaPods installation.\nEOM\n    exit 1\nfi\n";
			showEnvVarsInLog = 0;
		};
/* End PBXShellScriptBuildPhase section */

/* Begin PBXSourcesBuildPhase section */
		7023E4461D11F746008D7D64 /* Sources */ = {
			isa = PBXSourcesBuildPhase;
			buildActionMask = 2147483647;
			files = (
				7023E44E1D11F746008D7D64 /* AppDelegate.swift in Sources */,
				7023E4601D11F945008D7D64 /* MoviesViewController.swift in Sources */,
				7023E4631D120B85008D7D64 /* MovieCell.swift in Sources */,
			);
			runOnlyForDeploymentPostprocessing = 0;
		};
/* End PBXSourcesBuildPhase section */

/* Begin PBXVariantGroup section */
		7023E4511D11F746008D7D64 /* Main.storyboard */ = {
			isa = PBXVariantGroup;
			children = (
				7023E4521D11F746008D7D64 /* Base */,
			);
			name = Main.storyboard;
			sourceTree = "<group>";
		};
		7023E4561D11F746008D7D64 /* LaunchScreen.storyboard */ = {
			isa = PBXVariantGroup;
			children = (
				7023E4571D11F746008D7D64 /* Base */,
			);
			name = LaunchScreen.storyboard;
			sourceTree = "<group>";
		};
/* End PBXVariantGroup section */

/* Begin XCBuildConfiguration section */
		7023E45A1D11F746008D7D64 /* Debug */ = {
			isa = XCBuildConfiguration;
			buildSettings = {
				ALWAYS_SEARCH_USER_PATHS = NO;
				CLANG_ANALYZER_NONNULL = YES;
				CLANG_CXX_LANGUAGE_STANDARD = "gnu++0x";
				CLANG_CXX_LIBRARY = "libc++";
				CLANG_ENABLE_MODULES = YES;
				CLANG_ENABLE_OBJC_ARC = YES;
				CLANG_WARN_BOOL_CONVERSION = YES;
				CLANG_WARN_CONSTANT_CONVERSION = YES;
				CLANG_WARN_DIRECT_OBJC_ISA_USAGE = YES_ERROR;
				CLANG_WARN_EMPTY_BODY = YES;
				CLANG_WARN_ENUM_CONVERSION = YES;
				CLANG_WARN_INT_CONVERSION = YES;
				CLANG_WARN_OBJC_ROOT_CLASS = YES_ERROR;
				CLANG_WARN_UNREACHABLE_CODE = YES;
				CLANG_WARN__DUPLICATE_METHOD_MATCH = YES;
				"CODE_SIGN_IDENTITY[sdk=iphoneos*]" = "iPhone Developer";
				COPY_PHASE_STRIP = NO;
				DEBUG_INFORMATION_FORMAT = dwarf;
				ENABLE_STRICT_OBJC_MSGSEND = YES;
				ENABLE_TESTABILITY = YES;
				GCC_C_LANGUAGE_STANDARD = gnu99;
				GCC_DYNAMIC_NO_PIC = NO;
				GCC_NO_COMMON_BLOCKS = YES;
				GCC_OPTIMIZATION_LEVEL = 0;
				GCC_PREPROCESSOR_DEFINITIONS = (
					"DEBUG=1",
					"$(inherited)",
				);
				GCC_WARN_64_TO_32_BIT_CONVERSION = YES;
				GCC_WARN_ABOUT_RETURN_TYPE = YES_ERROR;
				GCC_WARN_UNDECLARED_SELECTOR = YES;
				GCC_WARN_UNINITIALIZED_AUTOS = YES_AGGRESSIVE;
				GCC_WARN_UNUSED_FUNCTION = YES;
				GCC_WARN_UNUSED_VARIABLE = YES;
				IPHONEOS_DEPLOYMENT_TARGET = 9.3;
				MTL_ENABLE_DEBUG_INFO = YES;
				ONLY_ACTIVE_ARCH = YES;
				SDKROOT = iphoneos;
				SWIFT_OPTIMIZATION_LEVEL = "-Onone";
			};
			name = Debug;
		};
		7023E45B1D11F746008D7D64 /* Release */ = {
			isa = XCBuildConfiguration;
			buildSettings = {
				ALWAYS_SEARCH_USER_PATHS = NO;
				CLANG_ANALYZER_NONNULL = YES;
				CLANG_CXX_LANGUAGE_STANDARD = "gnu++0x";
				CLANG_CXX_LIBRARY = "libc++";
				CLANG_ENABLE_MODULES = YES;
				CLANG_ENABLE_OBJC_ARC = YES;
				CLANG_WARN_BOOL_CONVERSION = YES;
				CLANG_WARN_CONSTANT_CONVERSION = YES;
				CLANG_WARN_DIRECT_OBJC_ISA_USAGE = YES_ERROR;
				CLANG_WARN_EMPTY_BODY = YES;
				CLANG_WARN_ENUM_CONVERSION = YES;
				CLANG_WARN_INT_CONVERSION = YES;
				CLANG_WARN_OBJC_ROOT_CLASS = YES_ERROR;
				CLANG_WARN_UNREACHABLE_CODE = YES;
				CLANG_WARN__DUPLICATE_METHOD_MATCH = YES;
				"CODE_SIGN_IDENTITY[sdk=iphoneos*]" = "iPhone Developer";
				COPY_PHASE_STRIP = NO;
				DEBUG_INFORMATION_FORMAT = "dwarf-with-dsym";
				ENABLE_NS_ASSERTIONS = NO;
				ENABLE_STRICT_OBJC_MSGSEND = YES;
				GCC_C_LANGUAGE_STANDARD = gnu99;
				GCC_NO_COMMON_BLOCKS = YES;
				GCC_WARN_64_TO_32_BIT_CONVERSION = YES;
				GCC_WARN_ABOUT_RETURN_TYPE = YES_ERROR;
				GCC_WARN_UNDECLARED_SELECTOR = YES;
				GCC_WARN_UNINITIALIZED_AUTOS = YES_AGGRESSIVE;
				GCC_WARN_UNUSED_FUNCTION = YES;
				GCC_WARN_UNUSED_VARIABLE = YES;
				IPHONEOS_DEPLOYMENT_TARGET = 9.3;
				MTL_ENABLE_DEBUG_INFO = NO;
				SDKROOT = iphoneos;
				VALIDATE_PRODUCT = YES;
			};
			name = Release;
		};
		7023E45D1D11F746008D7D64 /* Debug */ = {
			isa = XCBuildConfiguration;
			baseConfigurationReference = 86BD8A47B9241A7E31B7D682 /* Pods-Flix.debug.xcconfig */;
			buildSettings = {
				ASSETCATALOG_COMPILER_APPICON_NAME = AppIcon;
				CODE_SIGN_IDENTITY = "iPhone Developer";
				"CODE_SIGN_IDENTITY[sdk=iphoneos*]" = "iPhone Developer";
				INFOPLIST_FILE = Flix/Info.plist;
				LD_RUNPATH_SEARCH_PATHS = "$(inherited) @executable_path/Frameworks";
				PRODUCT_BUNDLE_IDENTIFIER = com.brohan.Flix;
				PRODUCT_NAME = "$(TARGET_NAME)";
				PROVISIONING_PROFILE = "";
			};
			name = Debug;
		};
		7023E45E1D11F746008D7D64 /* Release */ = {
			isa = XCBuildConfiguration;
			baseConfigurationReference = B4C0062D0CD2FC598DAAD06B /* Pods-Flix.release.xcconfig */;
			buildSettings = {
				ASSETCATALOG_COMPILER_APPICON_NAME = AppIcon;
				CODE_SIGN_IDENTITY = "iPhone Developer";
				"CODE_SIGN_IDENTITY[sdk=iphoneos*]" = "iPhone Developer";
				INFOPLIST_FILE = Flix/Info.plist;
				LD_RUNPATH_SEARCH_PATHS = "$(inherited) @executable_path/Frameworks";
				PRODUCT_BUNDLE_IDENTIFIER = com.brohan.Flix;
				PRODUCT_NAME = "$(TARGET_NAME)";
				PROVISIONING_PROFILE = "";
			};
			name = Release;
		};
/* End XCBuildConfiguration section */

/* Begin XCConfigurationList section */
		7023E4451D11F746008D7D64 /* Build configuration list for PBXProject "Flix" */ = {
			isa = XCConfigurationList;
			buildConfigurations = (
				7023E45A1D11F746008D7D64 /* Debug */,
				7023E45B1D11F746008D7D64 /* Release */,
			);
			defaultConfigurationIsVisible = 0;
			defaultConfigurationName = Release;
		};
		7023E45C1D11F746008D7D64 /* Build configuration list for PBXNativeTarget "Flix" */ = {
			isa = XCConfigurationList;
			buildConfigurations = (
				7023E45D1D11F746008D7D64 /* Debug */,
				7023E45E1D11F746008D7D64 /* Release */,
			);
			defaultConfigurationIsVisible = 0;
			defaultConfigurationName = Release;
		};
/* End XCConfigurationList section */
	};
	rootObject = 7023E4421D11F746008D7D64 /* Project object */;
}
